# auto-generated by grc.converter

id: OFDMTransmitter_OFDMTransmitter
label: OFDMTransmitter
category: '[OFDMTransmitter]'

parameters:
-   id: case
    label: Case
    dtype: int
-   id: num_ofdm_symb
    label: Number of OFDM Symbols
    dtype: int
-   id: fft_size
    label: FFT Size
    dtype: int
-   id: num_data_bins
    label: Number of Data Bins
    dtype: int

outputs:
-   domain: stream
    dtype: complex

templates:
    imports: import OFDMTransmitter
    make: OFDMTransmitter.OFDMTransmitter(${case}, ${num_ofdm_symb}, ${fft_size},
        ${num_data_bins})

file_format: 1
