id: TXOFDM_tx_signal_transmitter
label: tx_signal_transmitter
category: '[OFDM Transmitter]'

parameters:
-   id: case
    label: Case
    dtype: int
-   id: pickle_directory
    label: Pickle Directory
    dtype: string
-   id: pickle_file
    label: Pickle File
    dtype: string

outputs:
-   domain: stream
    dtype: complex

templates:
    imports: import TXOFDM
    make: TXOFDM.tx_signal_transmitter(${case}, ${pickle_directory}, ${pickle_file})

file_format: 1