# auto-generated by grc.converter

id: OFDMTransmitter_SimpleTx
label: SimpleTx
category: '[OFDMTransmitter]'

parameters:
-   id: case
    label: Case
    dtype: int
-   id: pickle_directory
    label: Pickle Directory
    dtype: string

outputs:
-   domain: stream
    dtype: complex

templates:
    imports: import OFDMTransmitter
    make: OFDMTransmitter.SimpleTx(${case}, ${pickle_directory})

file_format: 1
