# auto-generated by grc.converter

id: OFDMReceiver_BitRecovery
label: BitRecovery
category: '[OFDMReceiver]'

parameters:
-   id: modulation
    label: Modulation
    dtype: string
-   id: directory_name
    label: Directory Name
    dtype: string
-   id: diagnostics
    label: Diagnostics
    dtype: int

inputs:
-   domain: stream
    dtype: complex

templates:
    imports: import OFDMReceiver
    make: OFDMReceiver.BitRecovery(${modulation}, ${directory_name}, ${diagnostics})

file_format: 1
