id: RXOFDM_synch_and_chan_est
label: synch_and_chan_est
category: '[RXOFDM]'

parameters:
-   id: num_ofdm_symb
    label: No of OFDM symbols
    dtype: int
-   id: nfft
    label: FFT Size
    dtype: int
-   id: cp_len
    label: CP Len
    dtype: int
-   id: num_synch_bins
    label: No of Synch Bins
    dtype: int
-   id: synch_dat
    label: Synch Data Pattern
    dtype: raw
-   id: num_data_bins
    label: No of Data Bins
    dtype: int
-   id: snr
    label: SNR
    dtype: int
-   id: directory_name
    label: Directory Path
    dtype: string
-   id: file_name_cest
    label: 'Var: Chan Est -- File Name'
    dtype: string
-   id: diagnostics
    label: Diagnostics
    dtype: int
-   id: genie
    label: Genie
    dtype: int

inputs:
-   domain: stream
    dtype: complex

outputs:
-   domain: stream
    dtype: complex

templates:
    imports: import RXOFDM
    make: RXOFDM.synch_and_chan_est(${num_ofdm_symb}, ${nfft}, ${cp_len}, ${num_synch_bins},
        ${synch_dat}, ${num_data_bins}, ${snr}, ${directory_name}, ${file_name_cest},
        ${diagnostics}, ${genie})

file_format: 1
